
Microsoft Visual Studio Solution File, Format Version 12.00
# Visual Studio Version 16
VisualStudioVersion = 16.0.29519.87
MinimumVisualStudioVersion = 15.0.26124.0
Project("{9A19103F-16F7-4668-BE54-9A1E7A4F7556}") = "Domain", "Domain\Domain.csproj", "{D3A008CC-4C5B-4B1F-9434-2B5A3B5DC745}"
EndProject
Project("{9A19103F-16F7-4668-BE54-9A1E7A4F7556}") = "Application", "Application\Application.csproj", "{2BEFEF8A-3292-40DF-856E-7A8DDA51EB8B}"
EndProject
Project("{9A19103F-16F7-4668-BE54-9A1E7A4F7556}") = "Persistence", "Persistence\Persistence.csproj", "{C8D89BAE-21A1-4D3F-8881-BD9AA94DEA03}"
EndProject
Project("{9A19103F-16F7-4668-BE54-9A1E7A4F7556}") = "API", "API\API.csproj", "{D4C9CD6B-9AFC-4DE4-A386-2F7AF1830244}"
EndProject
Project("{9A19103F-16F7-4668-BE54-9A1E7A4F7556}") = "Infrastructure", "Infrastructure\Infrastructure.csproj", "{7F0E3FE9-29CB-4447-8BD5-F7A173CA947D}"
EndProject
Project("{E53339B2-1760-4266-BCC7-CA923CBCF16C}") = "docker-compose", "docker-compose.dcproj", "{D65516E7-97E1-4390-A0B5-01E651BECDB1}"
EndProject
Project("{FAE04EC0-301F-11D3-BF4B-00C04F79EFBC}") = "ReactivitiesApiTest", "..\ReactivitiesApiTest\ReactivitiesApiTest.csproj", "{CD209631-D6B3-404A-BB92-4290C40065C1}"
EndProject
Global
	GlobalSection(SolutionConfigurationPlatforms) = preSolution
		Debug|Any CPU = Debug|Any CPU
		Debug|x64 = Debug|x64
		Debug|x86 = Debug|x86
		Release|Any CPU = Release|Any CPU
		Release|x64 = Release|x64
		Release|x86 = Release|x86
	EndGlobalSection
	GlobalSection(ProjectConfigurationPlatforms) = postSolution
		{D3A008CC-4C5B-4B1F-9434-2B5A3B5DC745}.Debug|Any CPU.ActiveCfg = Debug|Any CPU
		{D3A008CC-4C5B-4B1F-9434-2B5A3B5DC745}.Debug|Any CPU.Build.0 = Debug|Any CPU
		{D3A008CC-4C5B-4B1F-9434-2B5A3B5DC745}.Debug|x64.ActiveCfg = Debug|Any CPU
		{D3A008CC-4C5B-4B1F-9434-2B5A3B5DC745}.Debug|x64.Build.0 = Debug|Any CPU
		{D3A008CC-4C5B-4B1F-9434-2B5A3B5DC745}.Debug|x86.ActiveCfg = Debug|Any CPU
		{D3A008CC-4C5B-4B1F-9434-2B5A3B5DC745}.Debug|x86.Build.0 = Debug|Any CPU
		{D3A008CC-4C5B-4B1F-9434-2B5A3B5DC745}.Release|Any CPU.ActiveCfg = Release|Any CPU
		{D3A008CC-4C5B-4B1F-9434-2B5A3B5DC745}.Release|Any CPU.Build.0 = Release|Any CPU
		{D3A008CC-4C5B-4B1F-9434-2B5A3B5DC745}.Release|x64.ActiveCfg = Release|Any CPU
		{D3A008CC-4C5B-4B1F-9434-2B5A3B5DC745}.Release|x64.Build.0 = Release|Any CPU
		{D3A008CC-4C5B-4B1F-9434-2B5A3B5DC745}.Release|x86.ActiveCfg = Release|Any CPU
		{D3A008CC-4C5B-4B1F-9434-2B5A3B5DC745}.Release|x86.Build.0 = Release|Any CPU
		{2BEFEF8A-3292-40DF-856E-7A8DDA51EB8B}.Debug|Any CPU.ActiveCfg = Debug|Any CPU
		{2BEFEF8A-3292-40DF-856E-7A8DDA51EB8B}.Debug|Any CPU.Build.0 = Debug|Any CPU
		{2BEFEF8A-3292-40DF-856E-7A8DDA51EB8B}.Debug|x64.ActiveCfg = Debug|Any CPU
		{2BEFEF8A-3292-40DF-856E-7A8DDA51EB8B}.Debug|x64.Build.0 = Debug|Any CPU
		{2BEFEF8A-3292-40DF-856E-7A8DDA51EB8B}.Debug|x86.ActiveCfg = Debug|Any CPU
		{2BEFEF8A-3292-40DF-856E-7A8DDA51EB8B}.Debug|x86.Build.0 = Debug|Any CPU
		{2BEFEF8A-3292-40DF-856E-7A8DDA51EB8B}.Release|Any CPU.ActiveCfg = Release|Any CPU
		{2BEFEF8A-3292-40DF-856E-7A8DDA51EB8B}.Release|Any CPU.Build.0 = Release|Any CPU
		{2BEFEF8A-3292-40DF-856E-7A8DDA51EB8B}.Release|x64.ActiveCfg = Release|Any CPU
		{2BEFEF8A-3292-40DF-856E-7A8DDA51EB8B}.Release|x64.Build.0 = Release|Any CPU
		{2BEFEF8A-3292-40DF-856E-7A8DDA51EB8B}.Release|x86.ActiveCfg = Release|Any CPU
		{2BEFEF8A-3292-40DF-856E-7A8DDA51EB8B}.Release|x86.Build.0 = Release|Any CPU
		{C8D89BAE-21A1-4D3F-8881-BD9AA94DEA03}.Debug|Any CPU.ActiveCfg = Debug|Any CPU
		{C8D89BAE-21A1-4D3F-8881-BD9AA94DEA03}.Debug|Any CPU.Build.0 = Debug|Any CPU
		{C8D89BAE-21A1-4D3F-8881-BD9AA94DEA03}.Debug|x64.ActiveCfg = Debug|Any CPU
		{C8D89BAE-21A1-4D3F-8881-BD9AA94DEA03}.Debug|x64.Build.0 = Debug|Any CPU
		{C8D89BAE-21A1-4D3F-8881-BD9AA94DEA03}.Debug|x86.ActiveCfg = Debug|Any CPU
		{C8D89BAE-21A1-4D3F-8881-BD9AA94DEA03}.Debug|x86.Build.0 = Debug|Any CPU
		{C8D89BAE-21A1-4D3F-8881-BD9AA94DEA03}.Release|Any CPU.ActiveCfg = Release|Any CPU
		{C8D89BAE-21A1-4D3F-8881-BD9AA94DEA03}.Release|Any CPU.Build.0 = Release|Any CPU
		{C8D89BAE-21A1-4D3F-8881-BD9AA94DEA03}.Release|x64.ActiveCfg = Release|Any CPU
		{C8D89BAE-21A1-4D3F-8881-BD9AA94DEA03}.Release|x64.Build.0 = Release|Any CPU
		{C8D89BAE-21A1-4D3F-8881-BD9AA94DEA03}.Release|x86.ActiveCfg = Release|Any CPU
		{C8D89BAE-21A1-4D3F-8881-BD9AA94DEA03}.Release|x86.Build.0 = Release|Any CPU
		{D4C9CD6B-9AFC-4DE4-A386-2F7AF1830244}.Debug|Any CPU.ActiveCfg = Debug|Any CPU
		{D4C9CD6B-9AFC-4DE4-A386-2F7AF1830244}.Debug|Any CPU.Build.0 = Debug|Any CPU
		{D4C9CD6B-9AFC-4DE4-A386-2F7AF1830244}.Debug|x64.ActiveCfg = Debug|Any CPU
		{D4C9CD6B-9AFC-4DE4-A386-2F7AF1830244}.Debug|x64.Build.0 = Debug|Any CPU
		{D4C9CD6B-9AFC-4DE4-A386-2F7AF1830244}.Debug|x86.ActiveCfg = Debug|Any CPU
		{D4C9CD6B-9AFC-4DE4-A386-2F7AF1830244}.Debug|x86.Build.0 = Debug|Any CPU
		{D4C9CD6B-9AFC-4DE4-A386-2F7AF1830244}.Release|Any CPU.ActiveCfg = Release|Any CPU
		{D4C9CD6B-9AFC-4DE4-A386-2F7AF1830244}.Release|Any CPU.Build.0 = Release|Any CPU
		{D4C9CD6B-9AFC-4DE4-A386-2F7AF1830244}.Release|x64.ActiveCfg = Release|Any CPU
		{D4C9CD6B-9AFC-4DE4-A386-2F7AF1830244}.Release|x64.Build.0 = Release|Any CPU
		{D4C9CD6B-9AFC-4DE4-A386-2F7AF1830244}.Release|x86.ActiveCfg = Release|Any CPU
		{D4C9CD6B-9AFC-4DE4-A386-2F7AF1830244}.Release|x86.Build.0 = Release|Any CPU
		{7F0E3FE9-29CB-4447-8BD5-F7A173CA947D}.Debug|Any CPU.ActiveCfg = Debug|Any CPU
		{7F0E3FE9-29CB-4447-8BD5-F7A173CA947D}.Debug|Any CPU.Build.0 = Debug|Any CPU
		{7F0E3FE9-29CB-4447-8BD5-F7A173CA947D}.Debug|x64.ActiveCfg = Debug|Any CPU
		{7F0E3FE9-29CB-4447-8BD5-F7A173CA947D}.Debug|x64.Build.0 = Debug|Any CPU
		{7F0E3FE9-29CB-4447-8BD5-F7A173CA947D}.Debug|x86.ActiveCfg = Debug|Any CPU
		{7F0E3FE9-29CB-4447-8BD5-F7A173CA947D}.Debug|x86.Build.0 = Debug|Any CPU
		{7F0E3FE9-29CB-4447-8BD5-F7A173CA947D}.Release|Any CPU.ActiveCfg = Release|Any CPU
		{7F0E3FE9-29CB-4447-8BD5-F7A173CA947D}.Release|Any CPU.Build.0 = Release|Any CPU
		{7F0E3FE9-29CB-4447-8BD5-F7A173CA947D}.Release|x64.ActiveCfg = Release|Any CPU
		{7F0E3FE9-29CB-4447-8BD5-F7A173CA947D}.Release|x64.Build.0 = Release|Any CPU
		{7F0E3FE9-29CB-4447-8BD5-F7A173CA947D}.Release|x86.ActiveCfg = Release|Any CPU
		{7F0E3FE9-29CB-4447-8BD5-F7A173CA947D}.Release|x86.Build.0 = Release|Any CPU
		{D65516E7-97E1-4390-A0B5-01E651BECDB1}.Debug|Any CPU.ActiveCfg = Debug|Any CPU
		{D65516E7-97E1-4390-A0B5-01E651BECDB1}.Debug|Any CPU.Build.0 = Debug|Any CPU
		{D65516E7-97E1-4390-A0B5-01E651BECDB1}.Debug|x64.ActiveCfg = Debug|Any CPU
		{D65516E7-97E1-4390-A0B5-01E651BECDB1}.Debug|x64.Build.0 = Debug|Any CPU
		{D65516E7-97E1-4390-A0B5-01E651BECDB1}.Debug|x86.ActiveCfg = Debug|Any CPU
		{D65516E7-97E1-4390-A0B5-01E651BECDB1}.Debug|x86.Build.0 = Debug|Any CPU
		{D65516E7-97E1-4390-A0B5-01E651BECDB1}.Release|Any CPU.ActiveCfg = Release|Any CPU
		{D65516E7-97E1-4390-A0B5-01E651BECDB1}.Release|Any CPU.Build.0 = Release|Any CPU
		{D65516E7-97E1-4390-A0B5-01E651BECDB1}.Release|x64.ActiveCfg = Release|Any CPU
		{D65516E7-97E1-4390-A0B5-01E651BECDB1}.Release|x64.Build.0 = Release|Any CPU
		{D65516E7-97E1-4390-A0B5-01E651BECDB1}.Release|x86.ActiveCfg = Release|Any CPU
		{D65516E7-97E1-4390-A0B5-01E651BECDB1}.Release|x86.Build.0 = Release|Any CPU
		{CD209631-D6B3-404A-BB92-4290C40065C1}.Debug|Any CPU.ActiveCfg = Debug|Any CPU
		{CD209631-D6B3-404A-BB92-4290C40065C1}.Debug|Any CPU.Build.0 = Debug|Any CPU
		{CD209631-D6B3-404A-BB92-4290C40065C1}.Debug|x64.ActiveCfg = Debug|Any CPU
		{CD209631-D6B3-404A-BB92-4290C40065C1}.Debug|x64.Build.0 = Debug|Any CPU
		{CD209631-D6B3-404A-BB92-4290C40065C1}.Debug|x86.ActiveCfg = Debug|Any CPU
		{CD209631-D6B3-404A-BB92-4290C40065C1}.Debug|x86.Build.0 = Debug|Any CPU
		{CD209631-D6B3-404A-BB92-4290C40065C1}.Release|Any CPU.ActiveCfg = Release|Any CPU
		{CD209631-D6B3-404A-BB92-4290C40065C1}.Release|Any CPU.Build.0 = Release|Any CPU
		{CD209631-D6B3-404A-BB92-4290C40065C1}.Release|x64.ActiveCfg = Release|Any CPU
		{CD209631-D6B3-404A-BB92-4290C40065C1}.Release|x64.Build.0 = Release|Any CPU
		{CD209631-D6B3-404A-BB92-4290C40065C1}.Release|x86.ActiveCfg = Release|Any CPU
		{CD209631-D6B3-404A-BB92-4290C40065C1}.Release|x86.Build.0 = Release|Any CPU
	EndGlobalSection
	GlobalSection(SolutionProperties) = preSolution
		HideSolutionNode = FALSE
	EndGlobalSection
	GlobalSection(ExtensibilityGlobals) = postSolution
		SolutionGuid = {D5A502E7-DB19-455E-BB29-D48EC3C0DF20}
	EndGlobalSection
EndGlobal
