
Microsoft Visual Studio Solution File, Format Version 12.00
# Visual Studio 15
VisualStudioVersion = 15.0.26124.0
MinimumVisualStudioVersion = 15.0.26124.0
Project("{FAE04EC0-301F-11D3-BF4B-00C04F79EFBC}") = "Domain", "Domain\Domain.csproj", "{D3A008CC-4C5B-4B1F-9434-2B5A3B5DC745}"
EndProject
Project("{FAE04EC0-301F-11D3-BF4B-00C04F79EFBC}") = "Application", "Application\Application.csproj", "{2BEFEF8A-3292-40DF-856E-7A8DDA51EB8B}"
EndProject
Project("{FAE04EC0-301F-11D3-BF4B-00C04F79EFBC}") = "Persistence", "Persistence\Persistence.csproj", "{C8D89BAE-21A1-4D3F-8881-BD9AA94DEA03}"
EndProject
Project("{FAE04EC0-301F-11D3-BF4B-00C04F79EFBC}") = "API", "API\API.csproj", "{D4C9CD6B-9AFC-4DE4-A386-2F7AF1830244}"
EndProject
Global
	GlobalSection(SolutionConfigurationPlatforms) = preSolution
		Debug|Any CPU = Debug|Any CPU
		Debug|x64 = Debug|x64
		Debug|x86 = Debug|x86
		Release|Any CPU = Release|Any CPU
		Release|x64 = Release|x64
		Release|x86 = Release|x86
	EndGlobalSection
	GlobalSection(SolutionProperties) = preSolution
		HideSolutionNode = FALSE
	EndGlobalSection
	GlobalSection(ProjectConfigurationPlatforms) = postSolution
		{D3A008CC-4C5B-4B1F-9434-2B5A3B5DC745}.Debug|Any CPU.ActiveCfg = Debug|Any CPU
		{D3A008CC-4C5B-4B1F-9434-2B5A3B5DC745}.Debug|Any CPU.Build.0 = Debug|Any CPU
		{D3A008CC-4C5B-4B1F-9434-2B5A3B5DC745}.Debug|x64.ActiveCfg = Debug|Any CPU
		{D3A008CC-4C5B-4B1F-9434-2B5A3B5DC745}.Debug|x64.Build.0 = Debug|Any CPU
		{D3A008CC-4C5B-4B1F-9434-2B5A3B5DC745}.Debug|x86.ActiveCfg = Debug|Any CPU
		{D3A008CC-4C5B-4B1F-9434-2B5A3B5DC745}.Debug|x86.Build.0 = Debug|Any CPU
		{D3A008CC-4C5B-4B1F-9434-2B5A3B5DC745}.Release|Any CPU.ActiveCfg = Release|Any CPU
		{D3A008CC-4C5B-4B1F-9434-2B5A3B5DC745}.Release|Any CPU.Build.0 = Release|Any CPU
		{D3A008CC-4C5B-4B1F-9434-2B5A3B5DC745}.Release|x64.ActiveCfg = Release|Any CPU
		{D3A008CC-4C5B-4B1F-9434-2B5A3B5DC745}.Release|x64.Build.0 = Release|Any CPU
		{D3A008CC-4C5B-4B1F-9434-2B5A3B5DC745}.Release|x86.ActiveCfg = Release|Any CPU
		{D3A008CC-4C5B-4B1F-9434-2B5A3B5DC745}.Release|x86.Build.0 = Release|Any CPU
		{2BEFEF8A-3292-40DF-856E-7A8DDA51EB8B}.Debug|Any CPU.ActiveCfg = Debug|Any CPU
		{2BEFEF8A-3292-40DF-856E-7A8DDA51EB8B}.Debug|Any CPU.Build.0 = Debug|Any CPU
		{2BEFEF8A-3292-40DF-856E-7A8DDA51EB8B}.Debug|x64.ActiveCfg = Debug|Any CPU
		{2BEFEF8A-3292-40DF-856E-7A8DDA51EB8B}.Debug|x64.Build.0 = Debug|Any CPU
		{2BEFEF8A-3292-40DF-856E-7A8DDA51EB8B}.Debug|x86.ActiveCfg = Debug|Any CPU
		{2BEFEF8A-3292-40DF-856E-7A8DDA51EB8B}.Debug|x86.Build.0 = Debug|Any CPU
		{2BEFEF8A-3292-40DF-856E-7A8DDA51EB8B}.Release|Any CPU.ActiveCfg = Release|Any CPU
		{2BEFEF8A-3292-40DF-856E-7A8DDA51EB8B}.Release|Any CPU.Build.0 = Release|Any CPU
		{2BEFEF8A-3292-40DF-856E-7A8DDA51EB8B}.Release|x64.ActiveCfg = Release|Any CPU
		{2BEFEF8A-3292-40DF-856E-7A8DDA51EB8B}.Release|x64.Build.0 = Release|Any CPU
		{2BEFEF8A-3292-40DF-856E-7A8DDA51EB8B}.Release|x86.ActiveCfg = Release|Any CPU
		{2BEFEF8A-3292-40DF-856E-7A8DDA51EB8B}.Release|x86.Build.0 = Release|Any CPU
		{C8D89BAE-21A1-4D3F-8881-BD9AA94DEA03}.Debug|Any CPU.ActiveCfg = Debug|Any CPU
		{C8D89BAE-21A1-4D3F-8881-BD9AA94DEA03}.Debug|Any CPU.Build.0 = Debug|Any CPU
		{C8D89BAE-21A1-4D3F-8881-BD9AA94DEA03}.Debug|x64.ActiveCfg = Debug|Any CPU
		{C8D89BAE-21A1-4D3F-8881-BD9AA94DEA03}.Debug|x64.Build.0 = Debug|Any CPU
		{C8D89BAE-21A1-4D3F-8881-BD9AA94DEA03}.Debug|x86.ActiveCfg = Debug|Any CPU
		{C8D89BAE-21A1-4D3F-8881-BD9AA94DEA03}.Debug|x86.Build.0 = Debug|Any CPU
		{C8D89BAE-21A1-4D3F-8881-BD9AA94DEA03}.Release|Any CPU.ActiveCfg = Release|Any CPU
		{C8D89BAE-21A1-4D3F-8881-BD9AA94DEA03}.Release|Any CPU.Build.0 = Release|Any CPU
		{C8D89BAE-21A1-4D3F-8881-BD9AA94DEA03}.Release|x64.ActiveCfg = Release|Any CPU
		{C8D89BAE-21A1-4D3F-8881-BD9AA94DEA03}.Release|x64.Build.0 = Release|Any CPU
		{C8D89BAE-21A1-4D3F-8881-BD9AA94DEA03}.Release|x86.ActiveCfg = Release|Any CPU
		{C8D89BAE-21A1-4D3F-8881-BD9AA94DEA03}.Release|x86.Build.0 = Release|Any CPU
		{D4C9CD6B-9AFC-4DE4-A386-2F7AF1830244}.Debug|Any CPU.ActiveCfg = Debug|Any CPU
		{D4C9CD6B-9AFC-4DE4-A386-2F7AF1830244}.Debug|Any CPU.Build.0 = Debug|Any CPU
		{D4C9CD6B-9AFC-4DE4-A386-2F7AF1830244}.Debug|x64.ActiveCfg = Debug|Any CPU
		{D4C9CD6B-9AFC-4DE4-A386-2F7AF1830244}.Debug|x64.Build.0 = Debug|Any CPU
		{D4C9CD6B-9AFC-4DE4-A386-2F7AF1830244}.Debug|x86.ActiveCfg = Debug|Any CPU
		{D4C9CD6B-9AFC-4DE4-A386-2F7AF1830244}.Debug|x86.Build.0 = Debug|Any CPU
		{D4C9CD6B-9AFC-4DE4-A386-2F7AF1830244}.Release|Any CPU.ActiveCfg = Release|Any CPU
		{D4C9CD6B-9AFC-4DE4-A386-2F7AF1830244}.Release|Any CPU.Build.0 = Release|Any CPU
		{D4C9CD6B-9AFC-4DE4-A386-2F7AF1830244}.Release|x64.ActiveCfg = Release|Any CPU
		{D4C9CD6B-9AFC-4DE4-A386-2F7AF1830244}.Release|x64.Build.0 = Release|Any CPU
		{D4C9CD6B-9AFC-4DE4-A386-2F7AF1830244}.Release|x86.ActiveCfg = Release|Any CPU
		{D4C9CD6B-9AFC-4DE4-A386-2F7AF1830244}.Release|x86.Build.0 = Release|Any CPU
	EndGlobalSection
EndGlobal
